
Microsoft Visual Studio Solution File, Format Version 11.00
# Visual Studio 2010
Project("{FAE04EC0-301F-11D3-BF4B-00C04F79EFBC}") = "PCTV.Input", "PCTV.Input\PCTV.Input.csproj", "{B48FFE96-6AF2-4A5A-B1E0-E1C073C43C38}"
EndProject
Project("{FAE04EC0-301F-11D3-BF4B-00C04F79EFBC}") = "PCTV.Explorer", "PCTV.Explorer\PCTV.Explorer.csproj", "{FA49EB32-08DB-4BD6-864E-F5E7B523C017}"
EndProject
Project("{FAE04EC0-301F-11D3-BF4B-00C04F79EFBC}") = "PCTV.Explorer.Tester", "PCTV.Explorer.Tester\PCTV.Explorer.Tester.csproj", "{FBE7E626-02F3-49C5-8D62-60F2BA40E795}"
EndProject
Project("{FAE04EC0-301F-11D3-BF4B-00C04F79EFBC}") = "PCTV.Explorer.UnitTests", "PCTV.Explorer.UnitTests\PCTV.Explorer.UnitTests.csproj", "{65558221-6AAD-4F71-83CF-897845E62842}"
EndProject
Project("{2150E333-8FDC-42A3-9474-1A3956D46DE8}") = "Solution Items", "Solution Items", "{B0B0938B-427D-4351-A590-68954AA045BD}"
	ProjectSection(SolutionItems) = preProject
		Local.testsettings = Local.testsettings
		PCTV.vsmdi = PCTV.vsmdi
		TraceAndTestImpact.testsettings = TraceAndTestImpact.testsettings
	EndProjectSection
EndProject
Project("{FAE04EC0-301F-11D3-BF4B-00C04F79EFBC}") = "PCTV.ExternalInput", "PCTV.ExternalInput\PCTV.ExternalInput.csproj", "{0C1A2033-1960-4596-AAFC-824145DF6457}"
EndProject
Project("{FAE04EC0-301F-11D3-BF4B-00C04F79EFBC}") = "PCTV.ExternalInput.Host", "PCTV.ExternalInput.Host\PCTV.ExternalInput.Host.csproj", "{12DC5045-B826-459F-BDCD-C53245664D75}"
EndProject
Project("{2150E333-8FDC-42A3-9474-1A3956D46DE8}") = "VLC", "VLC", "{DE15862A-D82C-420D-9AAD-306EADD8359D}"
EndProject
Project("{FAE04EC0-301F-11D3-BF4B-00C04F79EFBC}") = "LibVlcWrapper", "..\nVLC_Sources\LibVlcWrapper\LibVlcWrapper\LibVlcWrapper.csproj", "{57F08087-B175-4C96-BE36-83FBC4A21065}"
EndProject
Project("{FAE04EC0-301F-11D3-BF4B-00C04F79EFBC}") = "Declarations", "..\nVLC_Sources\LibVlcWrapper\Declarations\Declarations.csproj", "{819C4BAB-8FD0-463F-BB5F-119731840390}"
EndProject
Project("{FAE04EC0-301F-11D3-BF4B-00C04F79EFBC}") = "Implementation", "..\nVLC_Sources\LibVlcWrapper\Implementation\Implementation.csproj", "{6BA02CCA-2E14-4A64-8AB6-594E600D80C9}"
EndProject
Project("{FAE04EC0-301F-11D3-BF4B-00C04F79EFBC}") = "PCTV.Application", "PCTV.Application\PCTV.Application.csproj", "{4060079D-EF30-4DF6-B090-A08DD024C8E6}"
EndProject
Project("{FAE04EC0-301F-11D3-BF4B-00C04F79EFBC}") = "PCTV.Explorer.FileSystem", "PCTV.Explorer.FileSystem\PCTV.Explorer.FileSystem.csproj", "{5C31D6F6-A71C-4712-B12D-E79D09BBF84F}"
EndProject
Project("{FAE04EC0-301F-11D3-BF4B-00C04F79EFBC}") = "PCTV.Input.Concrete", "PCTV.Input.Concrete\PCTV.Input.Concrete.csproj", "{1631BE1A-E539-4A50-990F-D34A5E37420E}"
EndProject
Global
	GlobalSection(TestCaseManagementSettings) = postSolution
		CategoryFile = PCTV.vsmdi
	EndGlobalSection
	GlobalSection(SolutionConfigurationPlatforms) = preSolution
		Debug|Any CPU = Debug|Any CPU
		Debug|Mixed Platforms = Debug|Mixed Platforms
		Debug|x86 = Debug|x86
		Release|Any CPU = Release|Any CPU
		Release|Mixed Platforms = Release|Mixed Platforms
		Release|x86 = Release|x86
	EndGlobalSection
	GlobalSection(ProjectConfigurationPlatforms) = postSolution
		{B48FFE96-6AF2-4A5A-B1E0-E1C073C43C38}.Debug|Any CPU.ActiveCfg = Debug|Any CPU
		{B48FFE96-6AF2-4A5A-B1E0-E1C073C43C38}.Debug|Any CPU.Build.0 = Debug|Any CPU
		{B48FFE96-6AF2-4A5A-B1E0-E1C073C43C38}.Debug|Mixed Platforms.ActiveCfg = Debug|Any CPU
		{B48FFE96-6AF2-4A5A-B1E0-E1C073C43C38}.Debug|Mixed Platforms.Build.0 = Debug|Any CPU
		{B48FFE96-6AF2-4A5A-B1E0-E1C073C43C38}.Debug|x86.ActiveCfg = Debug|Any CPU
		{B48FFE96-6AF2-4A5A-B1E0-E1C073C43C38}.Release|Any CPU.ActiveCfg = Release|Any CPU
		{B48FFE96-6AF2-4A5A-B1E0-E1C073C43C38}.Release|Any CPU.Build.0 = Release|Any CPU
		{B48FFE96-6AF2-4A5A-B1E0-E1C073C43C38}.Release|Mixed Platforms.ActiveCfg = Release|Any CPU
		{B48FFE96-6AF2-4A5A-B1E0-E1C073C43C38}.Release|Mixed Platforms.Build.0 = Release|Any CPU
		{B48FFE96-6AF2-4A5A-B1E0-E1C073C43C38}.Release|x86.ActiveCfg = Release|Any CPU
		{FA49EB32-08DB-4BD6-864E-F5E7B523C017}.Debug|Any CPU.ActiveCfg = Debug|Any CPU
		{FA49EB32-08DB-4BD6-864E-F5E7B523C017}.Debug|Any CPU.Build.0 = Debug|Any CPU
		{FA49EB32-08DB-4BD6-864E-F5E7B523C017}.Debug|Mixed Platforms.ActiveCfg = Debug|Any CPU
		{FA49EB32-08DB-4BD6-864E-F5E7B523C017}.Debug|Mixed Platforms.Build.0 = Debug|Any CPU
		{FA49EB32-08DB-4BD6-864E-F5E7B523C017}.Debug|x86.ActiveCfg = Debug|Any CPU
		{FA49EB32-08DB-4BD6-864E-F5E7B523C017}.Release|Any CPU.ActiveCfg = Release|Any CPU
		{FA49EB32-08DB-4BD6-864E-F5E7B523C017}.Release|Any CPU.Build.0 = Release|Any CPU
		{FA49EB32-08DB-4BD6-864E-F5E7B523C017}.Release|Mixed Platforms.ActiveCfg = Release|Any CPU
		{FA49EB32-08DB-4BD6-864E-F5E7B523C017}.Release|Mixed Platforms.Build.0 = Release|Any CPU
		{FA49EB32-08DB-4BD6-864E-F5E7B523C017}.Release|x86.ActiveCfg = Release|Any CPU
		{FBE7E626-02F3-49C5-8D62-60F2BA40E795}.Debug|Any CPU.ActiveCfg = Debug|x86
		{FBE7E626-02F3-49C5-8D62-60F2BA40E795}.Debug|Mixed Platforms.ActiveCfg = Debug|x86
		{FBE7E626-02F3-49C5-8D62-60F2BA40E795}.Debug|Mixed Platforms.Build.0 = Debug|x86
		{FBE7E626-02F3-49C5-8D62-60F2BA40E795}.Debug|x86.ActiveCfg = Debug|x86
		{FBE7E626-02F3-49C5-8D62-60F2BA40E795}.Debug|x86.Build.0 = Debug|x86
		{FBE7E626-02F3-49C5-8D62-60F2BA40E795}.Release|Any CPU.ActiveCfg = Release|x86
		{FBE7E626-02F3-49C5-8D62-60F2BA40E795}.Release|Mixed Platforms.ActiveCfg = Release|x86
		{FBE7E626-02F3-49C5-8D62-60F2BA40E795}.Release|Mixed Platforms.Build.0 = Release|x86
		{FBE7E626-02F3-49C5-8D62-60F2BA40E795}.Release|x86.ActiveCfg = Release|x86
		{FBE7E626-02F3-49C5-8D62-60F2BA40E795}.Release|x86.Build.0 = Release|x86
		{65558221-6AAD-4F71-83CF-897845E62842}.Debug|Any CPU.ActiveCfg = Debug|Any CPU
		{65558221-6AAD-4F71-83CF-897845E62842}.Debug|Any CPU.Build.0 = Debug|Any CPU
		{65558221-6AAD-4F71-83CF-897845E62842}.Debug|Mixed Platforms.ActiveCfg = Debug|Any CPU
		{65558221-6AAD-4F71-83CF-897845E62842}.Debug|Mixed Platforms.Build.0 = Debug|Any CPU
		{65558221-6AAD-4F71-83CF-897845E62842}.Debug|x86.ActiveCfg = Debug|Any CPU
		{65558221-6AAD-4F71-83CF-897845E62842}.Release|Any CPU.ActiveCfg = Release|Any CPU
		{65558221-6AAD-4F71-83CF-897845E62842}.Release|Any CPU.Build.0 = Release|Any CPU
		{65558221-6AAD-4F71-83CF-897845E62842}.Release|Mixed Platforms.ActiveCfg = Release|Any CPU
		{65558221-6AAD-4F71-83CF-897845E62842}.Release|Mixed Platforms.Build.0 = Release|Any CPU
		{65558221-6AAD-4F71-83CF-897845E62842}.Release|x86.ActiveCfg = Release|Any CPU
		{0C1A2033-1960-4596-AAFC-824145DF6457}.Debug|Any CPU.ActiveCfg = Debug|Any CPU
		{0C1A2033-1960-4596-AAFC-824145DF6457}.Debug|Any CPU.Build.0 = Debug|Any CPU
		{0C1A2033-1960-4596-AAFC-824145DF6457}.Debug|Mixed Platforms.ActiveCfg = Debug|Any CPU
		{0C1A2033-1960-4596-AAFC-824145DF6457}.Debug|Mixed Platforms.Build.0 = Debug|Any CPU
		{0C1A2033-1960-4596-AAFC-824145DF6457}.Debug|x86.ActiveCfg = Debug|Any CPU
		{0C1A2033-1960-4596-AAFC-824145DF6457}.Release|Any CPU.ActiveCfg = Release|Any CPU
		{0C1A2033-1960-4596-AAFC-824145DF6457}.Release|Any CPU.Build.0 = Release|Any CPU
		{0C1A2033-1960-4596-AAFC-824145DF6457}.Release|Mixed Platforms.ActiveCfg = Release|Any CPU
		{0C1A2033-1960-4596-AAFC-824145DF6457}.Release|Mixed Platforms.Build.0 = Release|Any CPU
		{0C1A2033-1960-4596-AAFC-824145DF6457}.Release|x86.ActiveCfg = Release|Any CPU
		{12DC5045-B826-459F-BDCD-C53245664D75}.Debug|Any CPU.ActiveCfg = Debug|x86
		{12DC5045-B826-459F-BDCD-C53245664D75}.Debug|Mixed Platforms.ActiveCfg = Debug|x86
		{12DC5045-B826-459F-BDCD-C53245664D75}.Debug|Mixed Platforms.Build.0 = Debug|x86
		{12DC5045-B826-459F-BDCD-C53245664D75}.Debug|x86.ActiveCfg = Debug|x86
		{12DC5045-B826-459F-BDCD-C53245664D75}.Debug|x86.Build.0 = Debug|x86
		{12DC5045-B826-459F-BDCD-C53245664D75}.Release|Any CPU.ActiveCfg = Release|x86
		{12DC5045-B826-459F-BDCD-C53245664D75}.Release|Mixed Platforms.ActiveCfg = Release|x86
		{12DC5045-B826-459F-BDCD-C53245664D75}.Release|Mixed Platforms.Build.0 = Release|x86
		{12DC5045-B826-459F-BDCD-C53245664D75}.Release|x86.ActiveCfg = Release|x86
		{12DC5045-B826-459F-BDCD-C53245664D75}.Release|x86.Build.0 = Release|x86
		{57F08087-B175-4C96-BE36-83FBC4A21065}.Debug|Any CPU.ActiveCfg = Debug|Any CPU
		{57F08087-B175-4C96-BE36-83FBC4A21065}.Debug|Any CPU.Build.0 = Debug|Any CPU
		{57F08087-B175-4C96-BE36-83FBC4A21065}.Debug|Mixed Platforms.ActiveCfg = Debug|x86
		{57F08087-B175-4C96-BE36-83FBC4A21065}.Debug|Mixed Platforms.Build.0 = Debug|x86
		{57F08087-B175-4C96-BE36-83FBC4A21065}.Debug|x86.ActiveCfg = Debug|x86
		{57F08087-B175-4C96-BE36-83FBC4A21065}.Debug|x86.Build.0 = Debug|x86
		{57F08087-B175-4C96-BE36-83FBC4A21065}.Release|Any CPU.ActiveCfg = Release|Any CPU
		{57F08087-B175-4C96-BE36-83FBC4A21065}.Release|Any CPU.Build.0 = Release|Any CPU
		{57F08087-B175-4C96-BE36-83FBC4A21065}.Release|Mixed Platforms.ActiveCfg = Release|x86
		{57F08087-B175-4C96-BE36-83FBC4A21065}.Release|Mixed Platforms.Build.0 = Release|x86
		{57F08087-B175-4C96-BE36-83FBC4A21065}.Release|x86.ActiveCfg = Release|x86
		{57F08087-B175-4C96-BE36-83FBC4A21065}.Release|x86.Build.0 = Release|x86
		{819C4BAB-8FD0-463F-BB5F-119731840390}.Debug|Any CPU.ActiveCfg = Debug|Any CPU
		{819C4BAB-8FD0-463F-BB5F-119731840390}.Debug|Any CPU.Build.0 = Debug|Any CPU
		{819C4BAB-8FD0-463F-BB5F-119731840390}.Debug|Mixed Platforms.ActiveCfg = Debug|x86
		{819C4BAB-8FD0-463F-BB5F-119731840390}.Debug|Mixed Platforms.Build.0 = Debug|x86
		{819C4BAB-8FD0-463F-BB5F-119731840390}.Debug|x86.ActiveCfg = Debug|x86
		{819C4BAB-8FD0-463F-BB5F-119731840390}.Debug|x86.Build.0 = Debug|x86
		{819C4BAB-8FD0-463F-BB5F-119731840390}.Release|Any CPU.ActiveCfg = Release|Any CPU
		{819C4BAB-8FD0-463F-BB5F-119731840390}.Release|Any CPU.Build.0 = Release|Any CPU
		{819C4BAB-8FD0-463F-BB5F-119731840390}.Release|Mixed Platforms.ActiveCfg = Release|x86
		{819C4BAB-8FD0-463F-BB5F-119731840390}.Release|Mixed Platforms.Build.0 = Release|x86
		{819C4BAB-8FD0-463F-BB5F-119731840390}.Release|x86.ActiveCfg = Release|x86
		{819C4BAB-8FD0-463F-BB5F-119731840390}.Release|x86.Build.0 = Release|x86
		{6BA02CCA-2E14-4A64-8AB6-594E600D80C9}.Debug|Any CPU.ActiveCfg = Debug|Any CPU
		{6BA02CCA-2E14-4A64-8AB6-594E600D80C9}.Debug|Any CPU.Build.0 = Debug|Any CPU
		{6BA02CCA-2E14-4A64-8AB6-594E600D80C9}.Debug|Mixed Platforms.ActiveCfg = Debug|x86
		{6BA02CCA-2E14-4A64-8AB6-594E600D80C9}.Debug|Mixed Platforms.Build.0 = Debug|x86
		{6BA02CCA-2E14-4A64-8AB6-594E600D80C9}.Debug|x86.ActiveCfg = Debug|x86
		{6BA02CCA-2E14-4A64-8AB6-594E600D80C9}.Debug|x86.Build.0 = Debug|x86
		{6BA02CCA-2E14-4A64-8AB6-594E600D80C9}.Release|Any CPU.ActiveCfg = Release|Any CPU
		{6BA02CCA-2E14-4A64-8AB6-594E600D80C9}.Release|Any CPU.Build.0 = Release|Any CPU
		{6BA02CCA-2E14-4A64-8AB6-594E600D80C9}.Release|Mixed Platforms.ActiveCfg = Release|x86
		{6BA02CCA-2E14-4A64-8AB6-594E600D80C9}.Release|Mixed Platforms.Build.0 = Release|x86
		{6BA02CCA-2E14-4A64-8AB6-594E600D80C9}.Release|x86.ActiveCfg = Release|x86
		{6BA02CCA-2E14-4A64-8AB6-594E600D80C9}.Release|x86.Build.0 = Release|x86
		{4060079D-EF30-4DF6-B090-A08DD024C8E6}.Debug|Any CPU.ActiveCfg = Debug|x86
		{4060079D-EF30-4DF6-B090-A08DD024C8E6}.Debug|Mixed Platforms.ActiveCfg = Debug|x86
		{4060079D-EF30-4DF6-B090-A08DD024C8E6}.Debug|Mixed Platforms.Build.0 = Debug|x86
		{4060079D-EF30-4DF6-B090-A08DD024C8E6}.Debug|x86.ActiveCfg = Debug|x86
		{4060079D-EF30-4DF6-B090-A08DD024C8E6}.Debug|x86.Build.0 = Debug|x86
		{4060079D-EF30-4DF6-B090-A08DD024C8E6}.Release|Any CPU.ActiveCfg = Release|x86
		{4060079D-EF30-4DF6-B090-A08DD024C8E6}.Release|Mixed Platforms.ActiveCfg = Release|x86
		{4060079D-EF30-4DF6-B090-A08DD024C8E6}.Release|Mixed Platforms.Build.0 = Release|x86
		{4060079D-EF30-4DF6-B090-A08DD024C8E6}.Release|x86.ActiveCfg = Release|x86
		{4060079D-EF30-4DF6-B090-A08DD024C8E6}.Release|x86.Build.0 = Release|x86
		{5C31D6F6-A71C-4712-B12D-E79D09BBF84F}.Debug|Any CPU.ActiveCfg = Debug|Any CPU
		{5C31D6F6-A71C-4712-B12D-E79D09BBF84F}.Debug|Any CPU.Build.0 = Debug|Any CPU
		{5C31D6F6-A71C-4712-B12D-E79D09BBF84F}.Debug|Mixed Platforms.ActiveCfg = Debug|Any CPU
		{5C31D6F6-A71C-4712-B12D-E79D09BBF84F}.Debug|Mixed Platforms.Build.0 = Debug|Any CPU
		{5C31D6F6-A71C-4712-B12D-E79D09BBF84F}.Debug|x86.ActiveCfg = Debug|Any CPU
		{5C31D6F6-A71C-4712-B12D-E79D09BBF84F}.Release|Any CPU.ActiveCfg = Release|Any CPU
		{5C31D6F6-A71C-4712-B12D-E79D09BBF84F}.Release|Any CPU.Build.0 = Release|Any CPU
		{5C31D6F6-A71C-4712-B12D-E79D09BBF84F}.Release|Mixed Platforms.ActiveCfg = Release|Any CPU
		{5C31D6F6-A71C-4712-B12D-E79D09BBF84F}.Release|Mixed Platforms.Build.0 = Release|Any CPU
		{5C31D6F6-A71C-4712-B12D-E79D09BBF84F}.Release|x86.ActiveCfg = Release|Any CPU
		{1631BE1A-E539-4A50-990F-D34A5E37420E}.Debug|Any CPU.ActiveCfg = Debug|Any CPU
		{1631BE1A-E539-4A50-990F-D34A5E37420E}.Debug|Any CPU.Build.0 = Debug|Any CPU
		{1631BE1A-E539-4A50-990F-D34A5E37420E}.Debug|Mixed Platforms.ActiveCfg = Debug|Any CPU
		{1631BE1A-E539-4A50-990F-D34A5E37420E}.Debug|Mixed Platforms.Build.0 = Debug|Any CPU
		{1631BE1A-E539-4A50-990F-D34A5E37420E}.Debug|x86.ActiveCfg = Debug|Any CPU
		{1631BE1A-E539-4A50-990F-D34A5E37420E}.Release|Any CPU.ActiveCfg = Release|Any CPU
		{1631BE1A-E539-4A50-990F-D34A5E37420E}.Release|Any CPU.Build.0 = Release|Any CPU
		{1631BE1A-E539-4A50-990F-D34A5E37420E}.Release|Mixed Platforms.ActiveCfg = Release|Any CPU
		{1631BE1A-E539-4A50-990F-D34A5E37420E}.Release|Mixed Platforms.Build.0 = Release|Any CPU
		{1631BE1A-E539-4A50-990F-D34A5E37420E}.Release|x86.ActiveCfg = Release|Any CPU
	EndGlobalSection
	GlobalSection(SolutionProperties) = preSolution
		HideSolutionNode = FALSE
	EndGlobalSection
	GlobalSection(NestedProjects) = preSolution
		{57F08087-B175-4C96-BE36-83FBC4A21065} = {DE15862A-D82C-420D-9AAD-306EADD8359D}
		{819C4BAB-8FD0-463F-BB5F-119731840390} = {DE15862A-D82C-420D-9AAD-306EADD8359D}
		{6BA02CCA-2E14-4A64-8AB6-594E600D80C9} = {DE15862A-D82C-420D-9AAD-306EADD8359D}
	EndGlobalSection
EndGlobal
